
Microsoft Visual Studio Solution File, Format Version 12.00
# Visual Studio Version 16
VisualStudioVersion = 16.0.31624.102
MinimumVisualStudioVersion = 10.0.40219.1
Project("{8BC9CEB8-8B4A-11D0-8D11-00A0C91BC942}") = "Zadacha8", "Zadacha8.vcxproj", "{A0C1E68D-A8A4-4BA2-8715-F2F33FBC4CCC}"
EndProject
Global
	GlobalSection(SolutionConfigurationPlatforms) = preSolution
		Debug|x64 = Debug|x64
		Debug|x86 = Debug|x86
		Release|x64 = Release|x64
		Release|x86 = Release|x86
	EndGlobalSection
	GlobalSection(ProjectConfigurationPlatforms) = postSolution
		{A0C1E68D-A8A4-4BA2-8715-F2F33FBC4CCC}.Debug|x64.ActiveCfg = Debug|x64
		{A0C1E68D-A8A4-4BA2-8715-F2F33FBC4CCC}.Debug|x64.Build.0 = Debug|x64
		{A0C1E68D-A8A4-4BA2-8715-F2F33FBC4CCC}.Debug|x86.ActiveCfg = Debug|Win32
		{A0C1E68D-A8A4-4BA2-8715-F2F33FBC4CCC}.Debug|x86.Build.0 = Debug|Win32
		{A0C1E68D-A8A4-4BA2-8715-F2F33FBC4CCC}.Release|x64.ActiveCfg = Release|x64
		{A0C1E68D-A8A4-4BA2-8715-F2F33FBC4CCC}.Release|x64.Build.0 = Release|x64
		{A0C1E68D-A8A4-4BA2-8715-F2F33FBC4CCC}.Release|x86.ActiveCfg = Release|Win32
		{A0C1E68D-A8A4-4BA2-8715-F2F33FBC4CCC}.Release|x86.Build.0 = Release|Win32
	EndGlobalSection
	GlobalSection(SolutionProperties) = preSolution
		HideSolutionNode = FALSE
	EndGlobalSection
	GlobalSection(ExtensibilityGlobals) = postSolution
		SolutionGuid = {CEBCDA2F-79B3-4444-A8F3-98301A0091F3}
	EndGlobalSection
EndGlobal
